{
    "name": "amz-ofertas-robo",
    "version": "1.0.0",
    "lockfileVersion": 3,
    "requires": true,
    "packages": {
        "": {
            "name": "amz-ofertas-robo",
            "version": "1.0.0",
            "license": "ISC",
            "dependencies": {
                "express": "^4.18.2"
            }
        },
        "node_modules/accepts": {
            "version": "1.3.8",
            "resolved": "https://registry.npmjs.org/accepts/-/accepts-1.3.8.tgz",
            "integrity": "sha512-PYAthTa2m2VKxuvSD3DPC/Gy+U+sOA1LAuT8mBvS/ynV+KmfOoF0sGuGu2orac1vC/keLpcrRyA+Lz/XLyqHgg==",
            "dependencies": {
                "mime-types": "~2.1.34",
                "negotiator": "0.6.3"
            },
            "engines": {
                "node": ">= 0.6"
            }
        },
        "node_modules/array-flatten": {
            "version": "1.1.1",
            "resolved": "https://registry.npmjs.org/array-flatten/-/array-flatten-1.1.1.tgz",
            "integrity": "sha512-PCVAQswWNFoag2TCrBrKvE4/dy4hMA9BG3J94GvTCr/B43566crIFEQOqJd2w6BLs2klH+w0yLp5o+CC3e37Vg=="
        },
        "node_modules/body-parser": {
            "version": "1.20.1",
            "resolved": "https://registry.npmjs.org/body-parser/-/body-parser-1.20.1.tgz",
            "integrity": "sha512-jWi7abTbYwajOytWCQc37scEde9AKer2kCzB9ZDEl5XOdEnr3gWgzjA3cnE95oUWr9bTqTMxgVargJoA0a2BYg==",
            "dependencies": {
                "bytes": "3.1.2",
                "content-type": "~1.0.4",
                "debug": "2.6.9",
                "depd": "2.0.0",
                "destroy": "1.2.0",
                "http-errors": "2.0.0",
                "iconv-lite": "0.4.24",
                "on-finished": "2.4.1",
                "qs": "6.11.0",
                "raw-body": "2.5.1",
                "type-is": "~1.6.18",
                "unpipe": "1.0.0"
            },
            "engines": {
                "node": ">= 0.8",
                "npm": "1.2.8000 || >= 1.4.16"
            }
        },
        "node_modules/bytes": {
            "version": "3.1.2",
            "resolved": "https://registry.npmjs.org/bytes/-/bytes-3.1.2.tgz",
            "integrity": "sha512-PV4GbeTj3a193I5iHYiQ3v2+iMR+Qz63Z0o2cf/s9x5VJ4U3oIIs+xRp2Gq+I5Vb+2bQe3fM+s22xu/y6f6w==",
            "engines": {
                "node": ">= 0.8"
            }
        },
        "node_modules/call-bind": {
            "version": "1.0.7",
            "resolved": "https://registry.npmjs.org/call-bind/-/call-bind-1.0.7.tgz",
            "integrity": "sha512-G3nE99+lD3LSMa9g6m2f3nL+w23yIu2iORL2sJa0vshJ5E+34wnzM3cJG5cR4z+233sB1eA2wR/w2l6Iq1i4A==",
            "dependencies": {
                "function-bind": "^1.1.2",
                "get-intrinsic": "^1.2.4",
                "set-function-length": "^1.2.1"
            },
            "funding": {
                "url": "https://github.com/sponsors/ljharb"
            }
        },
        "node_modules/content-disposition": {
            "version": "0.5.4",
            "resolved": "https://registry.npmjs.org/content-disposition/-/content-disposition-0.5.4.tgz",
            "integrity": "sha512-FveZTNuGw04cxlAiWbzi6zTAL/lhehaWbTtgluJh4/E95DqXpFalbGhgkC/tq41RKOvrgwQVzESey54r_WAFvg==",
            "dependencies": {
                "safe-buffer": "5.2.1"
            },
            "engines": {
                "node": ">= 0.6"
            }
        },
        "node_modules/content-type": {
            "version": "1.0.5",
            "resolved": "https://registry.npmjs.org/content-type/-/content-type-1.0.5.tgz",
            "integrity": "sha512-nTjqfcBFEipKdXCv4YDQWCfmcLZKm81ldF0pAopTvyrFGVbcR6P/VAAd5G7N+0tTr8QqiU0tEBuMs7_6LoKlLw==",
            "engines": {
                "node": ">= 0.6"
            }
        },
        "node_modules/cookie": {
            "version": "0.5.0",
            "resolved": "https://registry.npmjs.org/cookie/-/cookie-0.5.0.tgz",
            "integrity": "sha512-YZ3GUyn/o8rK6iGTgetl4DfSNbFFuJup+iH1gks6XdwJkG6Kiu32s/m2x1d69h5w6tm1VI6a91wprMC6aO+o0w==",
            "engines": {
                "node": ">= 0.6"
            }
        },
        "node_modules/cookie-signature": {
            "version": "1.0.6",
            "resolved": "https://registry.npmjs.org/cookie-signature/-/cookie-signature-1.0.6.tgz",
            "integrity": "sha512-Qh1B5f+x4/w2IcFy+F+m2t1sT2I5/4iHwA/3rsF6JUvRjY7T7iB15vG8y5KCbI24/2i2t1T2+A/3s9t2s32w=="
        },
        "node_modules/debug": {
            "version": "2.6.9",
            "resolved": "https://registry.npmjs.org/debug/-/debug-2.6.9.tgz",
            "integrity": "sha512-bC7ElrdJaJnPbAP+1EotYvqZsb3ecl5wi6Bfi6BJTUcNowp6cvspg0jXznRTKDjm/E7AdgFBVeAPVMNcKGsHMA==",
            "dependencies": {
                "ms": "2.0.0"
            }
        },
        "node_modules/define-data-property": {
            "version": "1.1.4",
            "resolved": "https://registry.npmjs.org/define-data-property/-/define-data-property-1.1.4.tgz",
            "integrity": "sha512-rBMSeS5JSY2eDEz3lXa+sH0w7S+lo9a/bDLqxB6hI+3D3j+0+Zscq/qA9yI0g7eAm43ST64J+w3X+aGgY/9/AA==",
            "dependencies": {
                "get-intrinsic": "^1.2.4",
                "gopd": "^1.0.1",
                "has-property-descriptors": "^1.0.2"
            },
            "engines": {
                "node": ">= 0.4"
            },
            "funding": {
                "url": "https://github.com/sponsors/ljharb"
            }
        },
        "node_modules/depd": {
            "version": "2.0.0",
            "resolved": "https://registry.npmjs.org/depd/-/depd-2.0.0.tgz",
            "integrity": "sha512-g7nH6P6dyDioJogAAGprGpCtVImJhpPk/roCzdb3fIh61/s/nPs1Qy9hgsv9feoWqb/XVJ4eA9GM2UU/1vr1bA==",
            "engines": {
                "node": ">= 0.8"
            }
        },
        "node_modules/destroy": {
            "version": "1.2.0",
            "resolved": "https://registry.npmjs.org/destroy/-/destroy-1.2.0.tgz",
            "integrity": "sha512-2sJGJTaXIIaR1w4iJSNoN0hnMY7Gpc/n8D4qSCJw8QqFWXfLAD9i+Teb2gEEJkGu9ubIZl2AE3mq/wIE9w28gQ==",
            "engines": {
                "node": ">= 0.8",
                "npm": "1.2.8000 || >= 1.4.16"
            }
        },
        "node_modules/ee-first": {
            "version": "1.1.1",
            "resolved": "https://registry.npmjs.org/ee-first/-/ee-first-1.1.1.tgz",
            "integrity": "sha512-WMwm9LhRUo+WUaRN+vRuETqG89IgZphVSNkdFgeb6sS/E4OrDIN7t48CAewSHXc6C8lefkJMMFR0EBJuinEhWA=="
        },
        "node_modules/encodeurl": {
            "version": "1.0.2",
            "resolved": "https://registry.npmjs.org/encodeurl/-/encodeurl-1.0.2.tgz",
            "integrity": "sha512-TPJXq8JqFaVYm2CWmPvnP2Iyo4ZSM7/QKcSmuMLDObfpH5fi7RUGmd/rTDf+rut/saiDiQEeVTNgAmJEdAOx0w==",
            "engines": {
                "node": ">= 0.8"
            }
        },
        "node_modules/escape-html": {
            "version": "1.0.3",
            "resolved": "https://registry.npmjs.org/escape-html/-/escape-html-1.0.3.tgz",
            "integrity": "sha512-NiSupZ4OeuGwr68lGIeym/ksIZMJodUGOSCZ/FSnTxcreO4Ak2V3K4O4N4eAke5yoC7paioB2A4r768/v/4yZQ=="
        },
        "node_modules/etag": {
            "version": "1.8.1",
            "resolved": "https://registry.npmjs.org/etag/-/etag-1.8.1.tgz",
            "integrity": "sha512-aIL5Fx7mawVa300al2fsEkjMAAN/6fnFxvChcpJfVimEzE0i9VeEa9rU5PI4WH3Y2jC9KM7bE5ozOxbyot94iA==",
            "engines": {
                "node": ">= 0.6"
            }
        },
        "node_modules/express": {
            "version": "4.18.2",
            "resolved": "https://registry.npmjs.org/express/-/express-4.18.2.tgz",
            "integrity": "sha512-5/PsL6iGPdfQ/l32TQzd7DPwhtL7ss1inaR7adEVdtjPnG91eMidIOoIciOG30yirSozXdo3qUErsoN3Txj2mg==",
            "dependencies": {
                "accepts": "~1.3.8",
                "array-flatten": "1.1.1",
                "body-parser": "1.20.1",
                "content-disposition": "0.5.4",
                "content-type": "~1.0.4",
                "cookie": "0.5.0",
                "cookie-signature": "1.0.6",
                "debug": "2.6.9",
                "depd": "~2.0.0",
                "encodeurl": "~1.0.2",
                "escape-html": "~1.0.3",
                "etag": "~1.8.1",
                "finalhandler": "1.2.0",
                "fresh": "0.5.2",
                "merge-descriptors": "1.0.1",
                "methods": "~1.1.2",
                "on-finished": "2.4.1",
                "parseurl": "~1.3.3",
                "path-to-regexp": "0.1.7",
                "proxy-addr": "~2.0.7",
                "qs": "6.11.0",
                "range-parser": "~1.2.1",
                "safe-buffer": "5.2.1",
                "send": "0.18.0",
                "serve-static": "1.15.0",
                "setprototypeof": "1.2.0",
                "statuses": "~2.0.1",
                "type-is": "~1.6.18",
                "utils-flatten": "1.0.1",
                "vary": "~1.1.2"
            },
            "engines": {
                "node": ">= 0.10.0"
            }
        },
        "node_modules/finalhandler": {
            "version": "1.2.0",
            "resolved": "https://registry.npmjs.org/finalhandler/-/finalhandler-1.2.0.tgz",
            "integrity": "sha512-5uXcUVftlQMFnWC9qu/svkWv3GTd2PfUhK/3PLkYNAe7FbqJMt3515HaxE6eRL74GdsriiwujiawdaB1BpEISg==",
            "dependencies": {
                "debug": "2.6.9",
                "encodeurl": "~1.0.2",
                "escape-html": "~1.0.3",
                "on-finished": "2.4.1",
                "parseurl": "~1.3.3",
                "statuses": "~2.0.1",
                "unpipe": "~1.0.0"
            },
            "engines": {
                "node": ">= 0.8"
            }
        },
        "node_modules/forwarded": {
            "version": "0.2.0",
            "resolved": "https://registry.npmjs.org/forwarded/-/forwarded-0.2.0.tgz",
            "integrity": "sha512-buRG0fpk3YxEMoMTyRzvaBEvG2q6oVvL1moI91GSqCLgoe89z7ht6svDo/IIWdC1xGyOaSqO3P+bVdve1ZqDrA==",
            "engines": {
                "node": ">= 0.6"
            }
        },
        "node_modules/fresh": {
            "version": "0.5.2",
            "resolved": "https://registry.npmjs.org/fresh/-/fresh-0.5.2.tgz",
            "integrity": "sha512-zJ2mQYM18rEFOcSW4ZOUzJGz9rGPUK47dD28orYRMntj4owQDzHxSNa7v3Aq3CUblbLBdBMbe4SjYcF/yNP2wg==",
            "engines": {
                "node": ">= 0.6"
            }
        },
        "node_modules/function-bind": {
            "version": "1.1.2",
            "resolved": "https://registry.npmjs.org/function-bind/-/function-bind-1.1.2.tgz",
            "integrity": "sha512-714uBgrANqnoO3fB46lpo6dlxovIblL3h20Q6xS7yWev0QV3T312a1d66s4S9bO3/j3ANeB6f+aljJo2eSCy+g==",
            "funding": {
                "url": "https://github.com/sponsors/ljharb"
            }
        },
        "node_modules/get-intrinsic": {
            "version": "1.2.4",
            "resolved": "https://registry.npmjs.org/get-intrinsic/-/get-intrinsic-1.2.4.tgz",
            "integrity": "sha512-5uY7/G2En04tB558y+kI+6A3/Q63dtjJ1CCy3Ie1y1L3wl/ftrvi+wg+AXVi8J0PE+E6R7Ten+Hb9uT4z3k7MQ==",
            "dependencies": {
                "function-bind": "^1.1.2",
                "has-proto": "^1.0.1",
                "has-symbols": "^1.0.3",
                "hasown": "^2.0.0"
            },
            "funding": {
                "url": "https://github.com/sponsors/ljharb"
            }
        },
        "node_modules/gopd": {
            "version": "1.0.1",
            "resolved": "https://registry.npmjs.org/gopd/-/gopd-1.0.1.tgz",
            "integrity": "sha512-d6x/g2NJ3edaI98x2I00C0L30K9S9h+E1gO7mK893a2ex4I1R+6s+0pL1z1sA3s0vO08470zN3w7cQ==",
            "dependencies": {
                "get-intrinsic": "^1.1.3"
            },
            "funding": {
                "url": "https://github.com/sponsors/ljharb"
            }
        },
        "node_modules/has-property-descriptors": {
            "version": "1.0.2",
            "resolved": "https://registry.npmjs.org/has-property-descriptors/-/has-property-descriptors-1.0.2.tgz",
            "integrity": "sha512-55U2+F+8vRBKHy3FYR0eG1eH2g222dAKOEenoE3Z5a9+e0fcAnQYy+kGIK8gI8X7+aK9yP4vOU3/ayx+kfrwMg==",
            "dependencies": {
                "es-define-property": "^1.0.0"
            },
            "funding": {
                "url": "https://github.com/sponsors/ljharb"
            }
        },
        "node_modules/has-proto": {
            "version": "1.0.1",
            "resolved": "https://registry.npmjs.org/has-proto/-/has-proto-1.0.1.tgz",
            "integrity": "sha512-7qE+iP+O+vqu918pTeA0wXvhStj+P+SAa0xzIgzEwzoN/g+ak2S51wAHo3WSo1Ow2axFYSDqg/a2Pm9EV6SUGA==",
            "engines": {
                "node": ">= 0.4"
            },
            "funding": {
                "url": "https://github.com/sponsors/ljharb"
            }
        },
        "node_modules/has-symbols": {
            "version": "1.0.3",
            "resolved": "https://registry.npmjs.org/has-symbols/-/has-symbols-1.0.3.tgz",
            "integrity": "sha512-l3LCuF6NfjUGwW3OpOmJ34yfm1ENr3+PfevBAiGgAxHdQoBi5p_3sM2HlBYMb2C7V9oNU59naoG2sdhuR2adqQ==",
            "engines": {
                "node": ">= 0.4"
            },
            "funding": {
                "url": "https://github.com/sponsors/ljharb"
            }
        },
        "node_modules/hasown": {
            "version": "2.0.2",
            "resolved": "https://registry.npmjs.org/hasown/-/hasown-2.0.2.tgz",
            "integrity": "sha512-OaL899QxWk+3/x+69tTErI3u0YfcI+J2VjR+wL/guS9ahdITK/A/L3WzVb+D9IasYJv2g5Mxn3s9T0CgCC4z1w==",
            "dependencies": {
                "function-bind": "^1.1.2"
            },
            "engines": {
                "node": ">= 0.4"
            }
        },
        "node_modules/http-errors": {
            "version": "2.0.0",
            "resolved": "https://registry.npmjs.org/http-errors/-/http-errors-2.0.0.tgz",
            "integrity": "sha512-RmhB3HcnLS0n2BERbCbDSo3ImbBvA4gT4cO4yT2O3R7qWe3/o0n9s7Iqf9b3ZGs3h1mBvAJm0TWeTh2sRvew2A==",
            "dependencies": {
                "depd": "2.0.0",
                "inherits": "2.0.4",
                "setprototypeof": "1.2.0",
                "statuses": "2.0.1",
                "toidentifier": "1.0.1"
            },
            "engines": {
                "node": ">= 0.8"
            }
        },
        "node_modules/iconv-lite": {
            "version": "0.4.24",
            "resolved": "https://registry.npmjs.org/iconv-lite/-/iconv-lite-0.4.24.tgz",
            "integrity": "sha512-v3MXnZAcvnywkU+OLAZajfkIOc2VvPflEraotoR6Gqp3A42jdn2+zGeihLAolMVGD9SHBxbVC++T231aSryoPg==",
            "dependencies": {
                "safer-buffer": ">= 2.1.2 < 3"
            },
            "engines": {
                "node": ">=0.10.0"
            }
        },
        "node_modules/inherits": {
            "version": "2.0.4",
            "resolved": "https://registry.npmjs.org/inherits/-/inherits-2.0.4.tgz",
            "integrity": "sha512-k/vGaX4/Yla3Wb/BG3pfP/Fi8MegXE2ymR3DDUSOC6E/EVehh7AkOk5W0uzzaYsA/UTEX9+arS4kNyEccomputedKey=="
        },
        "node_modules/ipaddr.js": {
            "version": "1.9.1",
            "resolved": "https://registry.npmjs.org/ipaddr.js/-/ipaddr.js-1.9.1.tgz",
            "integrity": "sha512-0KI/607xoxSToH7GjN1FfSbLoU0+btTicjsQSWQveFApdpye8dwebN/4S6HL1iMS/1SNVAKlEIe8nEuKO3W6uA==",
            "engines": {
                "node": ">= 0.10"
            }
        },
        "node_modules/media-typer": {
            "version": "0.3.0",
            "resolved": "https://registry.npmjs.org/media-typer/-/media-typer-0.3.0.tgz",
            "integrity": "sha512-dq+qelQ9akHpcOl/gUVRTxVIOkAJ1wR3QAvb4RsVjS8oVoFjDGTc679wJYmUmknUF5HwMLOgb5O+a3KxfWapPQ==",
            "engines": {
                "node": ">= 0.6"
            }
        },
        "node_modules/merge-descriptors": {
            "version": "1.0.1",
            "resolved": "https://registry.npmjs.org/merge-descriptors/-/merge-descriptors-1.0.1.tgz",
            "integrity": "sha512-cCi6g3/Zr1iqQi6ySbseM1Xvooa98N0w31jzUYrXPX2xqObmFGHJ0tQ5u74H3mVh7wLouTseZyYIq39g8cNp1w=="
        },
        "node_modules/methods": {
            "version": "1.1.2",
            "resolved": "https://registry.npmjs.org/methods/-/methods-1.1.2.tgz",
            "integrity": "sha512-iclAHeNqNm6i+2iI9t+F0g2I3f5Nf0hge3c+25t02f9lC/Yn41s/0/+NEWH3w++iH+sQcK9S88RIl4S7zC4PA==",
            "engines": {
                "node": ">= 0.6"
            }
        },
        "node_modules/mime": {
            "version": "1.6.0",
            "resolved": "https://registry.npmjs.org/mime/-/mime-1.6.0.tgz",
            "integrity": "sha512-x0Vn8spI+wuJ1O6S7gnbaQg8Pxh4NNHb7KSINmEWKiPE4RKOplvijn+NkmYmmRgP68mc70j2EbeTFRsrswaQeg==",
            "bin": {
                "mime": "cli.js"
            },
            "engines": {
                "node": ">=4"
            }
        },
        "node_modules/mime-db": {
            "version": "1.52.0",
            "resolved": "https://registry.npmjs.org/mime-db/-/mime-db-1.52.0.tgz",
            "integrity": "sha512-sPU4uV7dYlvtWd4iVdeW+KloGNso8h6uO3ZEqaEb5_oPD/jEf+znMLgiVwxAwP+beC6qCRKCWdGudU0gAEC5ZQ==",
            "engines": {
                "node": ">= 0.6"
            }
        },
        "node_modules/mime-types": {
            "version": "2.1.35",
            "resolved": "https://registry.npmjs.org/mime-types/-/mime-types-2.1.35.tgz",
            "integrity": "sha512-ZDY+bPm5zTTF+YpCrAU9nK0UgICYPT0QtT1NZWFv4s++TNkcg3yEnrLWMweMFMFYUF5uhNuW2AD4ZAFG+cYIrg==",
            "dependencies": {
                "mime-db": "1.52.0"
            },
            "engines": {
                "node": ">= 0.6"
            }
        },
        "node_modules/ms": {
            "version": "2.0.0",
            "resolved": "https://registry.npmjs.org/ms/-/ms-2.0.0.tgz",
            "integrity": "sha512-Tpp60P6IUJDTuOq/5Z8cdskzJdnhlpkbxvxdmsFlLTO5/ Kepo2GTcgsCRaEZ6DgMlTT4ErbGMGueDuH6OribA=="
        },
        "node_modules/negotiator": {
            "version": "0.6.3",
            "resolved": "https://registry.npmjs.org/negotiator/-/negotiator-0.6.3.tgz",
            "integrity": "sha512-+EUsqGPLsM+j/zdChZjsYTEW02g6gISsRst1whD52VrqG4AFBlC8Z3doGsRFBTT3V3KjZaJ2KM9CoKlBCsNkfQ==",
            "engines": {
                "node": ">= 0.6"
            }
        },
        "node_modules/object-inspect": {
            "version": "1.13.1",
            "resolved": "https://registry.npmjs.org/object-inspect/-/object-inspect-1.13.1.tgz",
            "integrity": "sha512-5qoj1RUiKOMsCCNLV1CBiPYE10sziTsnLCzdAmOC0N35pDk3IF9I3f2mB1i095o5v3xayJBGQ32oB1Lnh96Hag==",
            "funding": {
                "url": "https://github.com/sponsors/ljharb"
            }
        },
        "node_modules/on-finished": {
            "version": "2.4.1",
            "resolved": "https://registry.npmjs.org/on-finished/-/on-finished-2.4.1.tgz",
            "integrity": "sha512-oVlzkg3ENAhCk2zdv7IJwd/QUD4z2RxRwpkcGY8psCVcCYZNq4wYnVWALHM+brtuJjePWiYF/ClmuDr8tS+qXA==",
            "dependencies": {
                "ee-first": "1.1.1"
            },
            "engines": {
                "node": ">= 0.8"
            }
        },
        "node_modules/parseurl": {
            "version": "1.3.3",
            "resolved": "https://registry.npmjs.org/parseurl/-/parseurl-1.3.3.tgz",
            "integrity": "sha512-CiyeOxFT/JZyN5m0z91aJzyKVMI5QcFNllSzw36UbaKw37xxdQuF8MAZNmwiAgAg772XctoAlCUoXYgz1J5b2Q==",
            "engines": {
                "node": ">= 0.8"
            }
        },
        "node_modules/path-to-regexp": {
            "version": "0.1.7
",
                "resolved": "https://registry.npmjs.org/path-to-regexp/-/path-to-regexp-0.1.7.tgz",
                "integrity": "sha512-5DF6e531Fv2Fk5msmhJ9U3s+Vp237YAEI7Q/H070wCH/iP1x70e1d3xMKxco9Gg5eP9d/O3Udug3sW7XG3cYA=="
            },
            "node_modules/proxy-addr": {
                "version": "2.0.7",
                "resolved": "https://registry.npmjs.org/proxy-addr/-/proxy-addr-2.0.7.tgz",
                "integrity": "sha512-llQsMLSUDUPT44jdrU/O37qlnifitDP+ZwrmmZcoSKyVcfi/qgBEso3auRppTCeZUgks5sTIZred1s/KjIP4bg==",
                "dependencies": {
                    "forwarded": "0.2.0",
                    "ipaddr.js": "1.9.1"
                },
                "engines": {
                    "node": ">= 0.10"
                }
            },
            "node_modules/qs": {
                "version": "6.11.0",
                "resolved": "https://registry.npmjs.org/qs/-/qs-6.11.0.tgz",
                "integrity": "sha512-MvjoMCJwEarSbUYk5O+nmoAPLHyADeY4W_AegIOPDQSSCs125bpFmk0bB43rVst4vJsPzJ32vdPOccvggGS2RA==",
                "dependencies": {
                    "side-channel": "^1.0.4"
                },
                "engines": {
                    "node": ">=0.6"
                },
                "funding": {
                    "url": "https://github.com/sponsors/ljharb"
                }
            },
            "node_modules/range-parser": {
                "version": "1.2.1",
                "resolved": "https://registry.npmjs.org/range-parser/-/range-parser-1.2.1.tgz",
                "integrity": "sha512-Hrgsx+orqoygnmhFbKaHE6c296J+HTAQXoxEF6gNupROmmGJ4YxlZfxL6L+CRrG/6pB9ED1fH1GSczoQc4i4YA==",
                "engines": {
                    "node": ">= 0.6"
                }
            },
            "node_modules/raw-body": {
                "version": "2.5.1",
                "resolved": "https://registry.npmjs.org/raw-body/-/raw-body-2.5.1.tgz",
                "integrity": "sha512-qqJBtEyVgS0ZmPGdCFprWTv9OLxJDFIIpdH9g+v0I0dMzDF9L3F1AsM9/15aXm6ab+ACdRf3cbD0IVHqGS9TJA==",
                "dependencies": {
                    "bytes": "3.1.2",
                    "http-errors": "2.0.0",
                    "iconv-lite": "0.4.24",
                    "unpipe": "1.0.0"
                },
                "engines": {
                    "node": ">= 0.8"
                }
            },
            "node_modules/safe-buffer": {
                "version": "5.2.1",
                "resolved": "https://registry.npmjs.org/safe-buffer/-/safe-buffer-5.2.1.tgz",
                "integrity": "sha512-rp3So07Kyt0B8pJV/gL1McggMdzfV+g8c2pcPoDVBKSMmhzh-zEd8NPPdEwBCna1WsgbBwAndKz+UW1SJkeowQ==",
                "funding": [
                    {
                        "type": "github",
                        "url": "https://github.com/sponsors/feross"
                    },
                    {
                        "type": "patreon",
                        "url": "https://www.patreon.com/feross"
                    },
                    {
                        "type": "consulting",
                        "url": "https://feross.org/support"
                    }
                ]
            },
            "node_modules/safer-buffer": {
                "version": "2.1.2",
                "resolved": "https://registry.npmjs.org/safer-buffer/-/safer-buffer-2.1.2.tgz",
                "integrity": "sha512-YZo3K82SD7Riyi0E1EQPojLz7kpepnSQI9bvy0UtZSWLUPlaTe7pE1w+oLpbOxOkU8rFYC6U+TTDFqI32P7g/w=="
            },
            "node_modules/send": {
                "version": "0.18.0",
                "resolved": "https://registry.npmjs.org/send/-/send-0.18.0.tgz",
                "integrity": "sha512-qqWzuOjSFOuqPjFe4NOsMLafToErr2NoDW0wR4a1it1vx0UjcpNIeIgpM+6ajjp5y+/Nxt3B29AlYsyvV+wz2w==",
                "dependencies": {
                    "debug": "2.6.9",
                    "depd": "~2.0.0",
                    "destroy": "1.2.0",
                    "encodeurl": "~1.0.2",
                    "escape-html": "~1.0.3",
                    "etag": "~1.8.1",
                    "fresh": "0.5.2",
                    "http-errors": "2.0.0",
                    "mime": "1.6.0",
                    "ms": "2.1.3",
                    "on-finished": "2.4.1",
                    "range-parser": "~1.2.1",
                    "statuses": "~2.0.1"
                },
                "engines": {
                    "node": ">= 0.8.0"
                }
            },
            "node_modules/send/node_modules/ms": {
                "version": "2.1.3",
                "resolved": "https://registry.npmjs.org/ms/-/ms-2.1.3.tgz",
                "integrity": "sha512-6FlzubTLZG3J2a/NVCAleMkC4qsMA+N5gxuzRL4ltYVeyoSMh7zpeYnSFscECObge2V3u+Pdh6VV+caseLoYaA=="
            },
            "node_modules/serve-static": {
                "version": "1.15.0",
                "resolved": "https://registry.npmjs.org/serve-static/-/serve-static-1.15.0.tgz",
                "integrity": "sha512-XGuRDNjXUijsUL0vl6nSD7cwgyuzzH3ZzzWFK+dSSdKTwDXIyA0+8kQSAHprathv7leZDGw8YmJpvpk3ntdw8w==",
                "dependencies": {
                    "encodeurl": "~1.0.2",
                    "escape-html": "~1.0.3",
                    "parseurl": "~1.3.3",
                    "send": "0.18.0"
                },
                "engines": {
                    "node": ">= 0.8.0"
                }
            },
            "node_modules/set-function-length": {
                "version": "1.2.1",
                "resolved": "https://registry.npmjs.org/set-function-length/-/set-function-length-1.2.1.tgz",
                "integrity": "sha512-pKYf5r2u5z0Ayl2a3b/f4+GNvA24iR2z5nbSzqj0n2j4G11jA4JtI4C4J1eA/H3/l0e3R3IA/3kCsLz7b5+g==",
                "dependencies": {
                    "define-data-property": "^1.1.1",
                    "has-property-descriptors": "^1.0.1",
                    "is-callable": "^1.2.7"
                },
                "engines": {
                    "node": ">= 0.4"
                }
            },
            "node_modules/setprototypeof": {
                "version": "1.2.0",
                "resolved": "https://registry.npmjs.org/setprototypeof/-/setprototypeof-1.2.0.tgz",
                "integrity": "sha512-E5LDX7Wrp8567hrRTziC6DySjp11+0r0C9I/eZc/qtXLIaPi40AI2wN2wB3D+G2tKFbcoOr/2c3gOxKZzD3LpQ=="
            },
            "node_modules/side-channel": {
                "version": "1.0.5",
                "resolved": "https://registry.npmjs.org/side-channel/-/side-channel-1.0.5.tgz",
                "integrity": "sha512-6D24b3s3eGg4dE5vmaI8I5Fl0a9kAn1o3eQ4F2Ea33Hl+pP8Zf18aT3eTq+wTqSogK1L97b2A/D4y+p9w==",
                "dependencies": {
                    "call-bind": "^1.0.5",
                    "get-intrinsic": "^1.2.2",
                    "object-inspect": "^1.13.1"
                },
                "engines": {
                    "node": ">= 0.4"
                },
                "funding": {
                    "url": "https://github.com/sponsors/ljharb"
                }
            },
            "node_modules/statuses": {
                "version": "2.0.1",
                "resolved": "https://registry.npmjs.org/statuses/-/statuses-2.0.1.tgz",
                "integrity": "sha512-RwNA9Z/7PrK06rYLIzFMlaF+l73iwpzsqqZEKa50f_XGv6rStHD49wsNW49I16YF5S8s3I7E+O4qLXjdesRanA==",
                "engines": {
                    "node": ">= 0.8"
                }
            },
            "node_modules/toidentifier": {
                "version": "1.0.1",
                "resolved": "https://registry.npmjs.org/toidentifier/-/toidentifier-1.0.1.tgz",
                "integrity": "sha512-o5sSPKEkg/DIQNmH43V0/uerLrpzVedkUh8tGNvaeXpfpuwjKenlSox/2O/BTlZUtEe+JG7s5YhEz608PlAHRA==",
                "engines": {
                    "node": ">= 0.6"
                }
            },
            "node_modules/type-is": {
                "version": "1.6.18",
                "resolved": "https://registry.npmjs.org/type-is/-/type-is-1.6.18.tgz",
                "integrity": "sha512-TkRKr9sUTxEH8MdfuCSP7VizJdguvFwAkeBswjo7sTjE3gOK50VflVanecP0cvbgu7HcpGD4VveUuOxFEd20A==",
                "dependencies": {
                    "media-typer": "0.3.0",
                    "mime-types": "~2.1.24"
                },
                "engines": {
                    "node": ">= 0.6"
                }
            },
            "node_modules/unpipe": {
                "version": "1.0.0",
                "resolved": "https://registry.npmjs.org/unpipe/-/unpipe-1.0.0.tgz",
                "integrity": "sha512-pjy2bYhSsufwWlKwPc+l3cN7+wuJlK6uz0Yd32un-sseodR6UoMAnDfnVjEENbGe8Z4oNVlt5Qdoso5yoDMiOA==",
                "engines": {
                    "node": ">= 0.8"
                }
            },
            "node_modules/utils-flatten": {
                "version": "1.0.1",
                "resolved": "https://registry.npmjs.org/utils-flatten/-/utils-flatten-1.0.1.tgz",
                "integrity": "sha512-QwlY3i+2h2c5CsaB53U/0zL1AHM1EUCSAW5GjWcT/53202u40d3xTycYfGkI4AZzt2bMM3Gf2m2/2TRgbi8Y4g=="
            },
            "node_modules/vary": {
                "version": "1.1.2",
                "resolved": "https://registry.npmjs.org/vary/-/vary-1.1.2.tgz",
                "integrity": "sha512-BNGbWLfd0eUPab0r20fCg2yPvT6I+T+AbcoZjVxyty8F8oIlo4B3l2v/g2AkBwbf7eVE+k5fGoaJg+ObS13g+w==",
                "engines": {
                    "node": ">= 0.8"
                }
            }
        }
    }
